// !$*UTF8*$!
{
	archiveVersion = 1;
	classes = {
	};
	objectVersion = 50;
	objects = {

/* Begin PBXBuildFile section */
		9AAAC7BC2554D158004C6D67 /* AppDelegate.swift in Sources */ = {isa = PBXBuildFile; fileRef = 9AAAC7BB2554D158004C6D67 /* AppDelegate.swift */; };
		9AAAC7BE2554D158004C6D67 /* SceneDelegate.swift in Sources */ = {isa = PBXBuildFile; fileRef = 9AAAC7BD2554D158004C6D67 /* SceneDelegate.swift */; };
		9AAAC7C02554D158004C6D67 /* ViewController.swift in Sources */ = {isa = PBXBuildFile; fileRef = 9AAAC7BF2554D158004C6D67 /* ViewController.swift */; };
		9AAAC7C32554D158004C6D67 /* Main.storyboard in Resources */ = {isa = PBXBuildFile; fileRef = 9AAAC7C12554D158004C6D67 /* Main.storyboard */; };
		9AAAC7C52554D15C004C6D67 /* Assets.xcassets in Resources */ = {isa = PBXBuildFile; fileRef = 9AAAC7C42554D15C004C6D67 /* Assets.xcassets */; };
		9AAAC7C82554D15C004C6D67 /* LaunchScreen.storyboard in Resources */ = {isa = PBXBuildFile; fileRef = 9AAAC7C62554D15C004C6D67 /* LaunchScreen.storyboard */; };
/* End PBXBuildFile section */

/* Begin PBXFileReference section */
		9AAAC7B82554D158004C6D67 /* PackageTesting.app */ = {isa = PBXFileReference; explicitFileType = wrapper.application; includeInIndex = 0; path = PackageTesting.app; sourceTree = BUILT_PRODUCTS_DIR; };
		9AAAC7BB2554D158004C6D67 /* AppDelegate.swift */ = {isa = PBXFileReference; lastKnownFileType = sourcecode.swift; path = AppDelegate.swift; sourceTree = "<group>"; };
		9AAAC7BD2554D158004C6D67 /* SceneDelegate.swift */ = {isa = PBXFileReference; lastKnownFileType = sourcecode.swift; path = SceneDelegate.swift; sourceTree = "<group>"; };
		9AAAC7BF2554D158004C6D67 /* ViewController.swift */ = {isa = PBXFileReference; lastKnownFileType = sourcecode.swift; path = ViewController.swift; sourceTree = "<group>"; };
		9AAAC7C22554D158004C6D67 /* Base */ = {isa = PBXFileReference; lastKnownFileType = file.storyboard; name = Base; path = Base.lproj/Main.storyboard; sourceTree = "<group>"; };
		9AAAC7C42554D15C004C6D67 /* Assets.xcassets */ = {isa = PBXFileReference; lastKnownFileType = folder.assetcatalog; path = Assets.xcassets; sourceTree = "<group>"; };
		9AAAC7C72554D15C004C6D67 /* Base */ = {isa = PBXFileReference; lastKnownFileType = file.storyboard; name = Base; path = Base.lproj/LaunchScreen.storyboard; sourceTree = "<group>"; };
		9AAAC7C92554D15C004C6D67 /* Info.plist */ = {isa = PBXFileReference; lastKnownFileType = text.plist.xml; path = Info.plist; sourceTree = "<group>"; };
/* End PBXFileReference section */

/* Begin PBXFrameworksBuildPhase section */
		9AAAC7B52554D158004C6D67 /* Frameworks */ = {
			isa = PBXFrameworksBuildPhase;
			buildActionMask = 2147483647;
			files = (
			);
			runOnlyForDeploymentPostprocessing = 0;
		};
/* End PBXFrameworksBuildPhase section */

/* Begin PBXGroup section */
		9AAAC7AF2554D158004C6D67 = {
			isa = PBXGroup;
			children = (
				9AAAC7BA2554D158004C6D67 /* PackageTesting */,
				9AAAC7B92554D158004C6D67 /* Products */,
			);
			sourceTree = "<group>";
		};
		9AAAC7B92554D158004C6D67 /* Products */ = {
			isa = PBXGroup;
			children = (
				9AAAC7B82554D158004C6D67 /* PackageTesting.app */,
			);
			name = Products;
			sourceTree = "<group>";
		};
		9AAAC7BA2554D158004C6D67 /* PackageTesting */ = {
			isa = PBXGroup;
			children = (
				9AAAC7BB2554D158004C6D67 /* AppDelegate.swift */,
				9AAAC7BD2554D158004C6D67 /* SceneDelegate.swift */,
				9AAAC7BF2554D158004C6D67 /* ViewController.swift */,
				9AAAC7C12554D158004C6D67 /* Main.storyboard */,
				9AAAC7C42554D15C004C6D67 /* Assets.xcassets */,
				9AAAC7C62554D15C004C6D67 /* LaunchScreen.storyboard */,
				9AAAC7C92554D15C004C6D67 /* Info.plist */,
			);
			path = PackageTesting;
			sourceTree = "<group>";
		};
/* End PBXGroup section */

/* Begin PBXNativeTarget section */
		9AAAC7B72554D158004C6D67 /* PackageTesting */ = {
			isa = PBXNativeTarget;
			buildConfigurationList = 9AAAC7CC2554D15C004C6D67 /* Build configuration list for PBXNativeTarget "PackageTesting" */;
			buildPhases = (
				9AAAC7B42554D158004C6D67 /* Sources */,
				9AAAC7B52554D158004C6D67 /* Frameworks */,
				9AAAC7B62554D158004C6D67 /* Resources */,
			);
			buildRules = (
			);
			dependencies = (
			);
			name = PackageTesting;
			productName = PackageTesting;
			productReference = 9AAAC7B82554D158004C6D67 /* PackageTesting.app */;
			productType = "com.apple.product-type.application";
		};
/* End PBXNativeTarget section */

/* Begin PBXProject section */
		9AAAC7B02554D158004C6D67 /* Project object */ = {
			isa = PBXProject;
			attributes = {
				LastSwiftUpdateCheck = 1170;
				LastUpgradeCheck = 1170;
				ORGANIZATIONNAME = "Jagdeep Manik";
				TargetAttributes = {
					9AAAC7B72554D158004C6D67 = {
						CreatedOnToolsVersion = 11.7;
					};
				};
			};
			buildConfigurationList = 9AAAC7B32554D158004C6D67 /* Build configuration list for PBXProject "PackageTesting" */;
			compatibilityVersion = "Xcode 9.3";
			developmentRegion = en;
			hasScannedForEncodings = 0;
			knownRegions = (
				en,
				Base,
			);
			mainGroup = 9AAAC7AF2554D158004C6D67;
			productRefGroup = 9AAAC7B92554D158004C6D67 /* Products */;
			projectDirPath = "";
			projectRoot = "";
			targets = (
				9AAAC7B72554D158004C6D67 /* PackageTesting */,
			);
		};
/* End PBXProject section */

/* Begin PBXResourcesBuildPhase section */
		9AAAC7B62554D158004C6D67 /* Resources */ = {
			isa = PBXResourcesBuildPhase;
			buildActionMask = 2147483647;
			files = (
				9AAAC7C82554D15C004C6D67 /* LaunchScreen.storyboard in Resources */,
				9AAAC7C52554D15C004C6D67 /* Assets.xcassets in Resources */,
				9AAAC7C32554D158004C6D67 /* Main.storyboard in Resources */,
			);
			runOnlyForDeploymentPostprocessing = 0;
		};
/* End PBXResourcesBuildPhase section */

/* Begin PBXSourcesBuildPhase section */
		9AAAC7B42554D158004C6D67 /* Sources */ = {
			isa = PBXSourcesBuildPhase;
			buildActionMask = 2147483647;
			files = (
				9AAAC7C02554D158004C6D67 /* ViewController.swift in Sources */,
				9AAAC7BC2554D158004C6D67 /* AppDelegate.swift in Sources */,
				9AAAC7BE2554D158004C6D67 /* SceneDelegate.swift in Sources */,
			);
			runOnlyForDeploymentPostprocessing = 0;
		};
/* End PBXSourcesBuildPhase section */

/* Begin PBXVariantGroup section */
		9AAAC7C12554D158004C6D67 /* Main.storyboard */ = {
			isa = PBXVariantGroup;
			children = (
				9AAAC7C22554D158004C6D67 /* Base */,
			);
			name = Main.storyboard;
			sourceTree = "<group>";
		};
		9AAAC7C62554D15C004C6D67 /* LaunchScreen.storyboard */ = {
			isa = PBXVariantGroup;
			children = (
				9AAAC7C72554D15C004C6D67 /* Base */,
			);
			name = LaunchScreen.storyboard;
			sourceTree = "<group>";
		};
/* End PBXVariantGroup section */

/* Begin XCBuildConfiguration section */
		9AAAC7CA2554D15C004C6D67 /* Debug */ = {
			isa = XCBuildConfiguration;
			buildSettings = {
				ALWAYS_SEARCH_USER_PATHS = NO;
				CLANG_ANALYZER_NONNULL = YES;
				CLANG_ANALYZER_NUMBER_OBJECT_CONVERSION = YES_AGGRESSIVE;
				CLANG_CXX_LANGUAGE_STANDARD = "gnu++14";
				CLANG_CXX_LIBRARY = "libc++";
				CLANG_ENABLE_MODULES = YES;
				CLANG_ENABLE_OBJC_ARC = YES;
				CLANG_ENABLE_OBJC_WEAK = YES;
				CLANG_WARN_BLOCK_CAPTURE_AUTORELEASING = YES;
				CLANG_WARN_BOOL_CONVERSION = YES;
				CLANG_WARN_COMMA = YES;
				CLANG_WARN_CONSTANT_CONVERSION = YES;
				CLANG_WARN_DEPRECATED_OBJC_IMPLEMENTATIONS = YES;
				CLANG_WARN_DIRECT_OBJC_ISA_USAGE = YES_ERROR;
				CLANG_WARN_DOCUMENTATION_COMMENTS = YES;
				CLANG_WARN_EMPTY_BODY = YES;
				CLANG_WARN_ENUM_CONVERSION = YES;
				CLANG_WARN_INFINITE_RECURSION = YES;
				CLANG_WARN_INT_CONVERSION = YES;
				CLANG_WARN_NON_LITERAL_NULL_CONVERSION = YES;
				CLANG_WARN_OBJC_IMPLICIT_RETAIN_SELF = YES;
				CLANG_WARN_OBJC_LITERAL_CONVERSION = YES;
				CLANG_WARN_OBJC_ROOT_CLASS = YES_ERROR;
				CLANG_WARN_RANGE_LOOP_ANALYSIS = YES;
				CLANG_WARN_STRICT_PROTOTYPES = YES;
				CLANG_WARN_SUSPICIOUS_MOVE = YES;
				CLANG_WARN_UNGUARDED_AVAILABILITY = YES_AGGRESSIVE;
				CLANG_WARN_UNREACHABLE_CODE = YES;
				CLANG_WARN__DUPLICATE_METHOD_MATCH = YES;
				COPY_PHASE_STRIP = NO;
				DEBUG_INFORMATION_FORMAT = dwarf;
				ENABLE_STRICT_OBJC_MSGSEND = YES;
				ENABLE_TESTABILITY = YES;
				GCC_C_LANGUAGE_STANDARD = gnu11;
				GCC_DYNAMIC_NO_PIC = NO;
				GCC_NO_COMMON_BLOCKS = YES;
				GCC_OPTIMIZATION_LEVEL = 0;
				GCC_PREPROCESSOR_DEFINITIONS = (
					"DEBUG=1",
					"$(inherited)",
				);
				GCC_WARN_64_TO_32_BIT_CONVERSION = YES;
				GCC_WARN_ABOUT_RETURN_TYPE = YES_ERROR;
				GCC_WARN_UNDECLARED_SELECTOR = YES;
				GCC_WARN_UNINITIALIZED_AUTOS = YES_AGGRESSIVE;
				GCC_WARN_UNUSED_FUNCTION = YES;
				GCC_WARN_UNUSED_VARIABLE = YES;
				IPHONEOS_DEPLOYMENT_TARGET = 13.7;
				MTL_ENABLE_DEBUG_INFO = INCLUDE_SOURCE;
				MTL_FAST_MATH = YES;
				ONLY_ACTIVE_ARCH = YES;
				SDKROOT = iphoneos;
				SWIFT_ACTIVE_COMPILATION_CONDITIONS = DEBUG;
				SWIFT_OPTIMIZATION_LEVEL = "-Onone";
			};
			name = Debug;
		};
		9AAAC7CB2554D15C004C6D67 /* Release */ = {
			isa = XCBuildConfiguration;
			buildSettings = {
				ALWAYS_SEARCH_USER_PATHS = NO;
				CLANG_ANALYZER_NONNULL = YES;
				CLANG_ANALYZER_NUMBER_OBJECT_CONVERSION = YES_AGGRESSIVE;
				CLANG_CXX_LANGUAGE_STANDARD = "gnu++14";
				CLANG_CXX_LIBRARY = "libc++";
				CLANG_ENABLE_MODULES = YES;
				CLANG_ENABLE_OBJC_ARC = YES;
				CLANG_ENABLE_OBJC_WEAK = YES;
				CLANG_WARN_BLOCK_CAPTURE_AUTORELEASING = YES;
				CLANG_WARN_BOOL_CONVERSION = YES;
				CLANG_WARN_COMMA = YES;
				CLANG_WARN_CONSTANT_CONVERSION = YES;
				CLANG_WARN_DEPRECATED_OBJC_IMPLEMENTATIONS = YES;
				CLANG_WARN_DIRECT_OBJC_ISA_USAGE = YES_ERROR;
				CLANG_WARN_DOCUMENTATION_COMMENTS = YES;
				CLANG_WARN_EMPTY_BODY = YES;
				CLANG_WARN_ENUM_CONVERSION = YES;
				CLANG_WARN_INFINITE_RECURSION = YES;
				CLANG_WARN_INT_CONVERSION = YES;
				CLANG_WARN_NON_LITERAL_NULL_CONVERSION = YES;
				CLANG_WARN_OBJC_IMPLICIT_RETAIN_SELF = YES;
				CLANG_WARN_OBJC_LITERAL_CONVERSION = YES;
				CLANG_WARN_OBJC_ROOT_CLASS = YES_ERROR;
				CLANG_WARN_RANGE_LOOP_ANALYSIS = YES;
				CLANG_WARN_STRICT_PROTOTYPES = YES;
				CLANG_WARN_SUSPICIOUS_MOVE = YES;
				CLANG_WARN_UNGUARDED_AVAILABILITY = YES_AGGRESSIVE;
				CLANG_WARN_UNREACHABLE_CODE = YES;
				CLANG_WARN__DUPLICATE_METHOD_MATCH = YES;
				COPY_PHASE_STRIP = NO;
				DEBUG_INFORMATION_FORMAT = "dwarf-with-dsym";
				ENABLE_NS_ASSERTIONS = NO;
				ENABLE_STRICT_OBJC_MSGSEND = YES;
				GCC_C_LANGUAGE_STANDARD = gnu11;
				GCC_NO_COMMON_BLOCKS = YES;
				GCC_WARN_64_TO_32_BIT_CONVERSION = YES;
				GCC_WARN_ABOUT_RETURN_TYPE = YES_ERROR;
				GCC_WARN_UNDECLARED_SELECTOR = YES;
				GCC_WARN_UNINITIALIZED_AUTOS = YES_AGGRESSIVE;
				GCC_WARN_UNUSED_FUNCTION = YES;
				GCC_WARN_UNUSED_VARIABLE = YES;
				IPHONEOS_DEPLOYMENT_TARGET = 13.7;
				MTL_ENABLE_DEBUG_INFO = NO;
				MTL_FAST_MATH = YES;
				SDKROOT = iphoneos;
				SWIFT_COMPILATION_MODE = wholemodule;
				SWIFT_OPTIMIZATION_LEVEL = "-O";
				VALIDATE_PRODUCT = YES;
			};
			name = Release;
		};
		9AAAC7CD2554D15C004C6D67 /* Debug */ = {
			isa = XCBuildConfiguration;
			buildSettings = {
				ASSETCATALOG_COMPILER_APPICON_NAME = AppIcon;
				CODE_SIGN_STYLE = Automatic;
				DEVELOPMENT_TEAM = F26C2BJDXY;
				INFOPLIST_FILE = PackageTesting/Info.plist;
				LD_RUNPATH_SEARCH_PATHS = (
					"$(inherited)",
					"@executable_path/Frameworks",
				);
				PRODUCT_BUNDLE_IDENTIFIER = com.jagdeepmanik.PackageTesting;
				PRODUCT_NAME = "$(TARGET_NAME)";
				SWIFT_VERSION = 5.0;
				TARGETED_DEVICE_FAMILY = "1,2";
			};
			name = Debug;
		};
		9AAAC7CE2554D15C004C6D67 /* Release */ = {
			isa = XCBuildConfiguration;
			buildSettings = {
				ASSETCATALOG_COMPILER_APPICON_NAME = AppIcon;
				CODE_SIGN_STYLE = Automatic;
				DEVELOPMENT_TEAM = F26C2BJDXY;
				INFOPLIST_FILE = PackageTesting/Info.plist;
				LD_RUNPATH_SEARCH_PATHS = (
					"$(inherited)",
					"@executable_path/Frameworks",
				);
				PRODUCT_BUNDLE_IDENTIFIER = com.jagdeepmanik.PackageTesting;
				PRODUCT_NAME = "$(TARGET_NAME)";
				SWIFT_VERSION = 5.0;
				TARGETED_DEVICE_FAMILY = "1,2";
			};
			name = Release;
		};
/* End XCBuildConfiguration section */

/* Begin XCConfigurationList section */
		9AAAC7B32554D158004C6D67 /* Build configuration list for PBXProject "PackageTesting" */ = {
			isa = XCConfigurationList;
			buildConfigurations = (
				9AAAC7CA2554D15C004C6D67 /* Debug */,
				9AAAC7CB2554D15C004C6D67 /* Release */,
			);
			defaultConfigurationIsVisible = 0;
			defaultConfigurationName = Release;
		};
		9AAAC7CC2554D15C004C6D67 /* Build configuration list for PBXNativeTarget "PackageTesting" */ = {
			isa = XCConfigurationList;
			buildConfigurations = (
				9AAAC7CD2554D15C004C6D67 /* Debug */,
				9AAAC7CE2554D15C004C6D67 /* Release */,
			);
			defaultConfigurationIsVisible = 0;
			defaultConfigurationName = Release;
		};
/* End XCConfigurationList section */
	};
	rootObject = 9AAAC7B02554D158004C6D67 /* Project object */;
}
